
Microsoft Visual Studio Solution File, Format Version 12.00
# Visual Studio 15
VisualStudioVersion = 15.0.28307.1000
MinimumVisualStudioVersion = 10.0.40219.1
Project("{FAE04EC0-301F-11D3-BF4B-00C04F79EFBC}") = "Netplait", "Netplait\Netplait.csproj", "{8C3ED623-FB4C-4897-B452-D902719D7C52}"
EndProject
Project("{FAE04EC0-301F-11D3-BF4B-00C04F79EFBC}") = "Netplait.Core", "Netplait.Core\Netplait.Core.csproj", "{04501281-AEAE-40D9-819E-45F554D1D100}"
EndProject
Project("{FAE04EC0-301F-11D3-BF4B-00C04F79EFBC}") = "Netplait.Packager", "Netplait.Packager\Netplait.Packager.csproj", "{61F1A8CF-5966-4007-814B-176698ECE314}"
EndProject
Project("{FAE04EC0-301F-11D3-BF4B-00C04F79EFBC}") = "Netplait.Dialogs", "Netplait.Dialogs\Netplait.Dialogs.csproj", "{B708FCBF-DC90-47D8-9EC4-7696409B4F9A}"
EndProject
Project("{FAE04EC0-301F-11D3-BF4B-00C04F79EFBC}") = "Netplait.Runner", "Netplait.Runner\Netplait.Runner.csproj", "{961B9BBA-CAA5-4204-9BC8-9DF5CF6648C9}"
EndProject
Global
	GlobalSection(SolutionConfigurationPlatforms) = preSolution
		Debug|Any CPU = Debug|Any CPU
		Release|Any CPU = Release|Any CPU
	EndGlobalSection
	GlobalSection(ProjectConfigurationPlatforms) = postSolution
		{8C3ED623-FB4C-4897-B452-D902719D7C52}.Debug|Any CPU.ActiveCfg = Debug|Any CPU
		{8C3ED623-FB4C-4897-B452-D902719D7C52}.Debug|Any CPU.Build.0 = Debug|Any CPU
		{8C3ED623-FB4C-4897-B452-D902719D7C52}.Release|Any CPU.ActiveCfg = Release|Any CPU
		{8C3ED623-FB4C-4897-B452-D902719D7C52}.Release|Any CPU.Build.0 = Release|Any CPU
		{04501281-AEAE-40D9-819E-45F554D1D100}.Debug|Any CPU.ActiveCfg = Debug|Any CPU
		{04501281-AEAE-40D9-819E-45F554D1D100}.Debug|Any CPU.Build.0 = Debug|Any CPU
		{04501281-AEAE-40D9-819E-45F554D1D100}.Release|Any CPU.ActiveCfg = Release|Any CPU
		{04501281-AEAE-40D9-819E-45F554D1D100}.Release|Any CPU.Build.0 = Release|Any CPU
		{61F1A8CF-5966-4007-814B-176698ECE314}.Debug|Any CPU.ActiveCfg = Debug|Any CPU
		{61F1A8CF-5966-4007-814B-176698ECE314}.Debug|Any CPU.Build.0 = Debug|Any CPU
		{61F1A8CF-5966-4007-814B-176698ECE314}.Release|Any CPU.ActiveCfg = Release|Any CPU
		{61F1A8CF-5966-4007-814B-176698ECE314}.Release|Any CPU.Build.0 = Release|Any CPU
		{B708FCBF-DC90-47D8-9EC4-7696409B4F9A}.Debug|Any CPU.ActiveCfg = Debug|Any CPU
		{B708FCBF-DC90-47D8-9EC4-7696409B4F9A}.Debug|Any CPU.Build.0 = Debug|Any CPU
		{B708FCBF-DC90-47D8-9EC4-7696409B4F9A}.Release|Any CPU.ActiveCfg = Release|Any CPU
		{B708FCBF-DC90-47D8-9EC4-7696409B4F9A}.Release|Any CPU.Build.0 = Release|Any CPU
		{961B9BBA-CAA5-4204-9BC8-9DF5CF6648C9}.Debug|Any CPU.ActiveCfg = Debug|Any CPU
		{961B9BBA-CAA5-4204-9BC8-9DF5CF6648C9}.Debug|Any CPU.Build.0 = Debug|Any CPU
		{961B9BBA-CAA5-4204-9BC8-9DF5CF6648C9}.Release|Any CPU.ActiveCfg = Release|Any CPU
		{961B9BBA-CAA5-4204-9BC8-9DF5CF6648C9}.Release|Any CPU.Build.0 = Release|Any CPU
	EndGlobalSection
	GlobalSection(SolutionProperties) = preSolution
		HideSolutionNode = FALSE
	EndGlobalSection
	GlobalSection(ExtensibilityGlobals) = postSolution
		SolutionGuid = {469C5DAC-7D26-4407-846B-74C323337C7D}
	EndGlobalSection
EndGlobal
